// !$*UTF8*$!
{
	archiveVersion = 1;
	classes = {
	};
	objectVersion = 77;
	objects = {

/* Begin PBXFileReference section */
		65AA498EC1D19E7E74FF58B7 /* TestKmp.app */ = {isa = PBXFileReference; explicitFileType = wrapper.application; includeInIndex = 0; path = TestKmp.app; sourceTree = BUILT_PRODUCTS_DIR; };
		8F8E3A9C2F1A4A9A00A1B001 /* iosAppUITests.xctest */ = {isa = PBXFileReference; explicitFileType = wrapper.cfbundle; includeInIndex = 0; path = iosAppUITests.xctest; sourceTree = BUILT_PRODUCTS_DIR; };
		8F8E3A9C2F1A4A9A00A1B002 /* CardCreationUITests.swift */ = {isa = PBXFileReference; lastKnownFileType = sourcecode.swift; path = CardCreationUITests.swift; sourceTree = "<group>"; };
/* End PBXFileReference section */

/* Begin PBXBuildFile section */
		8F8E3A9C2F1A4A9A00A1B003 /* CardCreationUITests.swift in Sources */ = {isa = PBXBuildFile; fileRef = 8F8E3A9C2F1A4A9A00A1B002 /* CardCreationUITests.swift */; };
/* End PBXBuildFile section */

/* Begin PBXFileSystemSynchronizedBuildFileExceptionSet section */
		12A047EA61624C9A1A078C5B /* Exceptions for "iosApp" folder in "iosApp" target */ = {
			isa = PBXFileSystemSynchronizedBuildFileExceptionSet;
			membershipExceptions = (
				Info.plist,
			);
			target = BC6396772FA82F4CF8862E81 /* iosApp */;
		};
/* End PBXFileSystemSynchronizedBuildFileExceptionSet section */

/* Begin PBXFileSystemSynchronizedRootGroup section */
		231810DAE814BD8441E7898A /* iosApp */ = {
			isa = PBXFileSystemSynchronizedRootGroup;
			exceptions = (
				12A047EA61624C9A1A078C5B /* Exceptions for "iosApp" folder in "iosApp" target */,
			);
			path = iosApp;
			sourceTree = "<group>";
		};
		E516CDCB46EE3EDC08C4BEE7 /* Configuration */ = {
			isa = PBXFileSystemSynchronizedRootGroup;
			path = Configuration;
			sourceTree = "<group>";
		};
/* End PBXFileSystemSynchronizedRootGroup section */

/* Begin PBXFrameworksBuildPhase section */
		ED1C207AEAF1474DFA9DC312 /* Frameworks */ = {
			isa = PBXFrameworksBuildPhase;
			buildActionMask = 2147483647;
			files = (
			);
			runOnlyForDeploymentPostprocessing = 0;
		};
		8F8E3A9C2F1A4A9A00A1B010 /* Frameworks */ = {
			isa = PBXFrameworksBuildPhase;
			buildActionMask = 2147483647;
			files = (
			);
			runOnlyForDeploymentPostprocessing = 0;
		};
/* End PBXFrameworksBuildPhase section */

/* Begin PBXResourcesBuildPhase section */
		8F8E3A9C2F1A4A9A00A1B011 /* Resources */ = {
			isa = PBXResourcesBuildPhase;
			buildActionMask = 2147483647;
			files = (
			);
			runOnlyForDeploymentPostprocessing = 0;
		};
/* End PBXResourcesBuildPhase section */

/* Begin PBXSourcesBuildPhase section */
		8F8E3A9C2F1A4A9A00A1B012 /* Sources */ = {
			isa = PBXSourcesBuildPhase;
			buildActionMask = 2147483647;
			files = (
				8F8E3A9C2F1A4A9A00A1B003 /* CardCreationUITests.swift in Sources */,
			);
			runOnlyForDeploymentPostprocessing = 0;
		};
/* End PBXSourcesBuildPhase section */

/* Begin PBXGroup section */
		2091E113EA02E4578DECCC75 /* Products */ = {
			isa = PBXGroup;
			children = (
				65AA498EC1D19E7E74FF58B7 /* TestKmp.app */,
				8F8E3A9C2F1A4A9A00A1B001 /* iosAppUITests.xctest */,
			);
			name = Products;
			sourceTree = "<group>";
		};
		8F8E3A9C2F1A4A9A00A1B020 /* iosAppUITests */ = {
			isa = PBXGroup;
			children = (
				8F8E3A9C2F1A4A9A00A1B002 /* CardCreationUITests.swift */,
			);
			path = iosAppUITests;
			sourceTree = "<group>";
		};
		723760CB4E19C138E3AE3329 = {
			isa = PBXGroup;
			children = (
				E516CDCB46EE3EDC08C4BEE7 /* Configuration */,
				231810DAE814BD8441E7898A /* iosApp */,
				8F8E3A9C2F1A4A9A00A1B020 /* iosAppUITests */,
				2091E113EA02E4578DECCC75 /* Products */,
			);
			sourceTree = "<group>";
		};
/* End PBXGroup section */

/* Begin PBXNativeTarget section */
		BC6396772FA82F4CF8862E81 /* iosApp */ = {
			isa = PBXNativeTarget;
			buildConfigurationList = BB6CE01AB8CC2F6F33D8A23F /* Build configuration list for PBXNativeTarget "iosApp" */;
			buildPhases = (
				732B5F4B4A6EBD04295B3D7C /* Compile Kotlin Framework */,
				911248CFE7B8FDDC5159F397 /* Sources */,
				ED1C207AEAF1474DFA9DC312 /* Frameworks */,
				EEFA3D9805FDC55AFD09A9A0 /* Resources */,
			);
			buildRules = (
			);
			dependencies = (
			);
			fileSystemSynchronizedGroups = (
				231810DAE814BD8441E7898A /* iosApp */,
			);
			name = iosApp;
			packageProductDependencies = (
			);
			productName = iosApp;
			productReference = 65AA498EC1D19E7E74FF58B7 /* TestKmp.app */;
			productType = "com.apple.product-type.application";
		};
		8F8E3A9C2F1A4A9A00A1B030 /* iosAppUITests */ = {
			isa = PBXNativeTarget;
			buildConfigurationList = 8F8E3A9C2F1A4A9A00A1B031 /* Build configuration list for PBXNativeTarget "iosAppUITests" */;
			buildPhases = (
				8F8E3A9C2F1A4A9A00A1B012 /* Sources */,
				8F8E3A9C2F1A4A9A00A1B010 /* Frameworks */,
				8F8E3A9C2F1A4A9A00A1B011 /* Resources */,
			);
			buildRules = (
			);
			dependencies = (
			);
			name = iosAppUITests;
			productName = iosAppUITests;
			productReference = 8F8E3A9C2F1A4A9A00A1B001 /* iosAppUITests.xctest */;
			productType = "com.apple.product-type.bundle.ui-testing";
		};
/* End PBXNativeTarget section */

/* Begin PBXProject section */
		0BD591823FE841A477ACF898 /* Project object */ = {
			isa = PBXProject;
			attributes = {
				BuildIndependentTargetsInParallel = 1;
				LastSwiftUpdateCheck = 1620;
				LastUpgradeCheck = 2620;
				TargetAttributes = {
					BC6396772FA82F4CF8862E81 = {
						CreatedOnToolsVersion = 16.2;
					};
				};
			};
			buildConfigurationList = FF7E0F4F7525C9FDD0E16E5B /* Build configuration list for PBXProject "iosApp" */;
			developmentRegion = en;
			hasScannedForEncodings = 0;
			knownRegions = (
				en,
				Base,
			);
			mainGroup = 723760CB4E19C138E3AE3329;
			minimizedProjectReferenceProxies = 1;
			preferredProjectObjectVersion = 77;
			productRefGroup = 2091E113EA02E4578DECCC75 /* Products */;
			projectDirPath = "";
			projectRoot = "";
			targets = (
				BC6396772FA82F4CF8862E81 /* iosApp */,
				8F8E3A9C2F1A4A9A00A1B030 /* iosAppUITests */,
			);
		};
/* End PBXProject section */

/* Begin PBXResourcesBuildPhase section */
		EEFA3D9805FDC55AFD09A9A0 /* Resources */ = {
			isa = PBXResourcesBuildPhase;
			buildActionMask = 2147483647;
			files = (
			);
			runOnlyForDeploymentPostprocessing = 0;
		};
/* End PBXResourcesBuildPhase section */

/* Begin PBXShellScriptBuildPhase section */
		732B5F4B4A6EBD04295B3D7C /* Compile Kotlin Framework */ = {
			isa = PBXShellScriptBuildPhase;
			alwaysOutOfDate = 1;
			buildActionMask = 2147483647;
			files = (
			);
			inputFileListPaths = (
			);
			inputPaths = (
			);
			name = "Compile Kotlin Framework";
			outputFileListPaths = (
			);
			outputPaths = (
			);
			runOnlyForDeploymentPostprocessing = 0;
			shellPath = /bin/sh;
			shellScript = "set -e\n\nif [ \"YES\" = \"$OVERRIDE_KOTLIN_BUILD_IDE_SUPPORTED\" ]; then\n  echo \"Skipping Gradle build task invocation due to OVERRIDE_KOTLIN_BUILD_IDE_SUPPORTED environment variable set to \\\"YES\\\"\"\n  exit 0\nfi\n\n# Xcode build phases often run without your shell profile; make Java discovery explicit.\n# Prefer a system JDK, but fall back to Android Studio's embedded runtime when needed.\nif [ -z \"$JAVA_HOME\" ]; then\n  JAVA_HOME=$(/usr/libexec/java_home -v 21 2>/dev/null || /usr/libexec/java_home -v 17 2>/dev/null || /usr/libexec/java_home 2>/dev/null || true)\nfi\nif [ -z \"$JAVA_HOME\" ] && [ -d \"/Applications/Android Studio.app/Contents/jbr/Contents/Home\" ]; then\n  JAVA_HOME=\"/Applications/Android Studio.app/Contents/jbr/Contents/Home\"\nfi\nif [ -z \"$JAVA_HOME\" ] && [ -d \"/Applications/Android Studio Preview.app/Contents/jbr/Contents/Home\" ]; then\n  JAVA_HOME=\"/Applications/Android Studio Preview.app/Contents/jbr/Contents/Home\"\nfi\nexport JAVA_HOME\n\nif [ -n \"$JAVA_HOME\" ] && [ -d \"$JAVA_HOME/bin\" ]; then\n  export PATH=\"$JAVA_HOME/bin:$PATH\"\nfi\n\necho \"JAVA_HOME=$JAVA_HOME\"\nif command -v java >/dev/null 2>&1; then\n  java -version\nelse\n  echo \"ERROR: java not found in PATH inside Xcode build phase.\"\n  echo \"Install JDK 17+ (Temurin) or set JAVA_HOME for Xcode, then rebuild.\"\n  exit 1\nfi\n\ncd \"$SRCROOT/..\"\nchmod +x ./gradlew\n\n# Print Gradle + run with stacktrace so PhaseScriptExecution isn't a black box.\n./gradlew --version\n./gradlew :composeApp:embedAndSignAppleFrameworkForXcode --stacktrace --info\n";
		};
/* End PBXShellScriptBuildPhase section */

/* Begin PBXSourcesBuildPhase section */
		911248CFE7B8FDDC5159F397 /* Sources */ = {
			isa = PBXSourcesBuildPhase;
			buildActionMask = 2147483647;
			files = (
			);
			runOnlyForDeploymentPostprocessing = 0;
		};
/* End PBXSourcesBuildPhase section */

/* Begin XCBuildConfiguration section */
		6346366087FA137FC8C04BB5 /* Release */ = {
			isa = XCBuildConfiguration;
			baseConfigurationReferenceAnchor = E516CDCB46EE3EDC08C4BEE7 /* Configuration */;
			baseConfigurationReferenceRelativePath = Config.xcconfig;
			buildSettings = {
				ALWAYS_SEARCH_USER_PATHS = NO;
				ASSETCATALOG_COMPILER_GENERATE_SWIFT_ASSET_SYMBOL_EXTENSIONS = YES;
				CLANG_ANALYZER_NONNULL = YES;
				CLANG_ANALYZER_NUMBER_OBJECT_CONVERSION = YES_AGGRESSIVE;
				CLANG_CXX_LANGUAGE_STANDARD = "gnu++20";
				CLANG_ENABLE_MODULES = YES;
				CLANG_ENABLE_OBJC_ARC = YES;
				CLANG_ENABLE_OBJC_WEAK = YES;
				CLANG_WARN_BLOCK_CAPTURE_AUTORELEASING = YES;
				CLANG_WARN_BOOL_CONVERSION = YES;
				CLANG_WARN_COMMA = YES;
				CLANG_WARN_CONSTANT_CONVERSION = YES;
				CLANG_WARN_DEPRECATED_OBJC_IMPLEMENTATIONS = YES;
				CLANG_WARN_DIRECT_OBJC_ISA_USAGE = YES_ERROR;
				CLANG_WARN_DOCUMENTATION_COMMENTS = YES;
				CLANG_WARN_EMPTY_BODY = YES;
				CLANG_WARN_ENUM_CONVERSION = YES;
				CLANG_WARN_INFINITE_RECURSION = YES;
				CLANG_WARN_INT_CONVERSION = YES;
				CLANG_WARN_NON_LITERAL_NULL_CONVERSION = YES;
				CLANG_WARN_OBJC_IMPLICIT_RETAIN_SELF = YES;
				CLANG_WARN_OBJC_LITERAL_CONVERSION = YES;
				CLANG_WARN_OBJC_ROOT_CLASS = YES_ERROR;
				CLANG_WARN_QUOTED_INCLUDE_IN_FRAMEWORK_HEADER = YES;
				CLANG_WARN_RANGE_LOOP_ANALYSIS = YES;
				CLANG_WARN_STRICT_PROTOTYPES = YES;
				CLANG_WARN_SUSPICIOUS_MOVE = YES;
				CLANG_WARN_UNGUARDED_AVAILABILITY = YES_AGGRESSIVE;
				CLANG_WARN_UNREACHABLE_CODE = YES;
				CLANG_WARN__DUPLICATE_METHOD_MATCH = YES;
				COPY_PHASE_STRIP = NO;
				DEBUG_INFORMATION_FORMAT = "dwarf-with-dsym";
				DEVELOPMENT_TEAM = "${TEAM_ID}";
				ENABLE_NS_ASSERTIONS = NO;
				ENABLE_STRICT_OBJC_MSGSEND = YES;
				ENABLE_USER_SCRIPT_SANDBOXING = NO;
				GCC_C_LANGUAGE_STANDARD = gnu17;
				GCC_NO_COMMON_BLOCKS = YES;
				GCC_WARN_64_TO_32_BIT_CONVERSION = YES;
				GCC_WARN_ABOUT_RETURN_TYPE = YES_ERROR;
				GCC_WARN_UNDECLARED_SELECTOR = YES;
				GCC_WARN_UNINITIALIZED_AUTOS = YES_AGGRESSIVE;
				GCC_WARN_UNUSED_FUNCTION = YES;
				GCC_WARN_UNUSED_VARIABLE = YES;
				IPHONEOS_DEPLOYMENT_TARGET = 18.2;
				LOCALIZATION_PREFERS_STRING_CATALOGS = YES;
				MTL_ENABLE_DEBUG_INFO = NO;
				MTL_FAST_MATH = YES;
				SDKROOT = iphoneos;
				STRING_CATALOG_GENERATE_SYMBOLS = YES;
				SWIFT_COMPILATION_MODE = wholemodule;
				VALIDATE_PRODUCT = YES;
			};
			name = Release;
		};
		6603DD2517D924B8F4E06B48 /* Debug */ = {
			isa = XCBuildConfiguration;
			baseConfigurationReferenceAnchor = E516CDCB46EE3EDC08C4BEE7 /* Configuration */;
			baseConfigurationReferenceRelativePath = Config.xcconfig;
			buildSettings = {
				ALWAYS_SEARCH_USER_PATHS = NO;
				ASSETCATALOG_COMPILER_GENERATE_SWIFT_ASSET_SYMBOL_EXTENSIONS = YES;
				CLANG_ANALYZER_NONNULL = YES;
				CLANG_ANALYZER_NUMBER_OBJECT_CONVERSION = YES_AGGRESSIVE;
				CLANG_CXX_LANGUAGE_STANDARD = "gnu++20";
				CLANG_ENABLE_MODULES = YES;
				CLANG_ENABLE_OBJC_ARC = YES;
				CLANG_ENABLE_OBJC_WEAK = YES;
				CLANG_WARN_BLOCK_CAPTURE_AUTORELEASING = YES;
				CLANG_WARN_BOOL_CONVERSION = YES;
				CLANG_WARN_COMMA = YES;
				CLANG_WARN_CONSTANT_CONVERSION = YES;
				CLANG_WARN_DEPRECATED_OBJC_IMPLEMENTATIONS = YES;
				CLANG_WARN_DIRECT_OBJC_ISA_USAGE = YES_ERROR;
				CLANG_WARN_DOCUMENTATION_COMMENTS = YES;
				CLANG_WARN_EMPTY_BODY = YES;
				CLANG_WARN_ENUM_CONVERSION = YES;
				CLANG_WARN_INFINITE_RECURSION = YES;
				CLANG_WARN_INT_CONVERSION = YES;
				CLANG_WARN_NON_LITERAL_NULL_CONVERSION = YES;
				CLANG_WARN_OBJC_IMPLICIT_RETAIN_SELF = YES;
				CLANG_WARN_OBJC_LITERAL_CONVERSION = YES;
				CLANG_WARN_OBJC_ROOT_CLASS = YES_ERROR;
				CLANG_WARN_QUOTED_INCLUDE_IN_FRAMEWORK_HEADER = YES;
				CLANG_WARN_RANGE_LOOP_ANALYSIS = YES;
				CLANG_WARN_STRICT_PROTOTYPES = YES;
				CLANG_WARN_SUSPICIOUS_MOVE = YES;
				CLANG_WARN_UNGUARDED_AVAILABILITY = YES_AGGRESSIVE;
				CLANG_WARN_UNREACHABLE_CODE = YES;
				CLANG_WARN__DUPLICATE_METHOD_MATCH = YES;
				COPY_PHASE_STRIP = NO;
				DEBUG_INFORMATION_FORMAT = dwarf;
				DEVELOPMENT_TEAM = "${TEAM_ID}";
				ENABLE_STRICT_OBJC_MSGSEND = YES;
				ENABLE_TESTABILITY = YES;
				ENABLE_USER_SCRIPT_SANDBOXING = NO;
				GCC_C_LANGUAGE_STANDARD = gnu17;
				GCC_DYNAMIC_NO_PIC = NO;
				GCC_NO_COMMON_BLOCKS = YES;
				GCC_OPTIMIZATION_LEVEL = 0;
				GCC_PREPROCESSOR_DEFINITIONS = (
					"DEBUG=1",
					"$(inherited)",
				);
				GCC_WARN_64_TO_32_BIT_CONVERSION = YES;
				GCC_WARN_ABOUT_RETURN_TYPE = YES_ERROR;
				GCC_WARN_UNDECLARED_SELECTOR = YES;
				GCC_WARN_UNINITIALIZED_AUTOS = YES_AGGRESSIVE;
				GCC_WARN_UNUSED_FUNCTION = YES;
				GCC_WARN_UNUSED_VARIABLE = YES;
				IPHONEOS_DEPLOYMENT_TARGET = 18.2;
				LOCALIZATION_PREFERS_STRING_CATALOGS = YES;
				MTL_ENABLE_DEBUG_INFO = INCLUDE_SOURCE;
				MTL_FAST_MATH = YES;
				ONLY_ACTIVE_ARCH = YES;
				SDKROOT = iphoneos;
				STRING_CATALOG_GENERATE_SYMBOLS = YES;
				SWIFT_ACTIVE_COMPILATION_CONDITIONS = "DEBUG $(inherited)";
				SWIFT_OPTIMIZATION_LEVEL = "-Onone";
			};
			name = Debug;
		};
		69ADE450E41BC8A8FB96ED66 /* Release */ = {
			isa = XCBuildConfiguration;
			baseConfigurationReferenceAnchor = E516CDCB46EE3EDC08C4BEE7 /* Configuration */;
			baseConfigurationReferenceRelativePath = Config.xcconfig;
			buildSettings = {
				ASSETCATALOG_COMPILER_APPICON_NAME = AppIcon;
				ASSETCATALOG_COMPILER_GLOBAL_ACCENT_COLOR_NAME = AccentColor;
				CODE_SIGN_IDENTITY = "Apple Development";
				CODE_SIGN_STYLE = Automatic;
				DEVELOPMENT_ASSET_PATHS = "\"iosApp/Preview Content\"";
				ENABLE_PREVIEWS = YES;
				GENERATE_INFOPLIST_FILE = YES;
				INFOPLIST_FILE = iosApp/Info.plist;
				INFOPLIST_KEY_LSApplicationCategoryType = "public.app-category.developer-tools";
				INFOPLIST_KEY_UIApplicationSceneManifest_Generation = YES;
				INFOPLIST_KEY_UIApplicationSupportsIndirectInputEvents = YES;
				INFOPLIST_KEY_UILaunchScreen_Generation = YES;
				INFOPLIST_KEY_UISupportedInterfaceOrientations_iPad = "UIInterfaceOrientationPortrait UIInterfaceOrientationPortraitUpsideDown UIInterfaceOrientationLandscapeLeft UIInterfaceOrientationLandscapeRight";
				INFOPLIST_KEY_UISupportedInterfaceOrientations_iPhone = "UIInterfaceOrientationPortrait UIInterfaceOrientationLandscapeLeft UIInterfaceOrientationLandscapeRight";
				LD_RUNPATH_SEARCH_PATHS = (
					"$(inherited)",
					"@executable_path/Frameworks",
				);
				SWIFT_EMIT_LOC_STRINGS = YES;
				SWIFT_VERSION = 5.0;
				TARGETED_DEVICE_FAMILY = "1,2";
			};
			name = Release;
		};
		D0998C2FD1E1855A20FD385E /* Debug */ = {
			isa = XCBuildConfiguration;
			baseConfigurationReferenceAnchor = E516CDCB46EE3EDC08C4BEE7 /* Configuration */;
			baseConfigurationReferenceRelativePath = Config.xcconfig;
			buildSettings = {
				ASSETCATALOG_COMPILER_APPICON_NAME = AppIcon;
				ASSETCATALOG_COMPILER_GLOBAL_ACCENT_COLOR_NAME = AccentColor;
				CODE_SIGN_IDENTITY = "Apple Development";
				CODE_SIGN_STYLE = Automatic;
				DEVELOPMENT_ASSET_PATHS = "\"iosApp/Preview Content\"";
				ENABLE_PREVIEWS = YES;
				GENERATE_INFOPLIST_FILE = YES;
				INFOPLIST_FILE = iosApp/Info.plist;
				INFOPLIST_KEY_LSApplicationCategoryType = "public.app-category.developer-tools";
				INFOPLIST_KEY_UIApplicationSceneManifest_Generation = YES;
				INFOPLIST_KEY_UIApplicationSupportsIndirectInputEvents = YES;
				INFOPLIST_KEY_UILaunchScreen_Generation = YES;
				INFOPLIST_KEY_UISupportedInterfaceOrientations_iPad = "UIInterfaceOrientationPortrait UIInterfaceOrientationPortraitUpsideDown UIInterfaceOrientationLandscapeLeft UIInterfaceOrientationLandscapeRight";
				INFOPLIST_KEY_UISupportedInterfaceOrientations_iPhone = "UIInterfaceOrientationPortrait UIInterfaceOrientationLandscapeLeft UIInterfaceOrientationLandscapeRight";
				LD_RUNPATH_SEARCH_PATHS = (
					"$(inherited)",
					"@executable_path/Frameworks",
				);
				SWIFT_EMIT_LOC_STRINGS = YES;
				SWIFT_VERSION = 5.0;
				TARGETED_DEVICE_FAMILY = "1,2";
			};
			name = Debug;
		};
		8F8E3A9C2F1A4A9A00A1B040 /* Debug */ = {
			isa = XCBuildConfiguration;
			buildSettings = {
				ALWAYS_EMBED_SWIFT_STANDARD_LIBRARIES = YES;
				CODE_SIGN_STYLE = Automatic;
				GENERATE_INFOPLIST_FILE = YES;
				INFOPLIST_KEY_CFBundleDevelopmentRegion = en;
				INFOPLIST_KEY_CFBundleExecutable = "$(EXECUTABLE_NAME)";
				INFOPLIST_KEY_CFBundleIdentifier = "$(PRODUCT_BUNDLE_IDENTIFIER)";
				INFOPLIST_KEY_CFBundleInfoDictionaryVersion = "6.0";
				INFOPLIST_KEY_CFBundleName = "$(PRODUCT_NAME)";
				INFOPLIST_KEY_CFBundlePackageType = BNDL;
				INFOPLIST_KEY_CFBundleShortVersionString = "$(MARKETING_VERSION)";
				INFOPLIST_KEY_CFBundleVersion = "$(CURRENT_PROJECT_VERSION)";
				IPHONEOS_DEPLOYMENT_TARGET = 18.2;
				LD_RUNPATH_SEARCH_PATHS = (
					"$(inherited)",
					"@executable_path/Frameworks",
					"@loader_path/Frameworks",
				);
				PRODUCT_BUNDLE_IDENTIFIER = "org.example.project.TestKmp.iosAppUITests";
				PRODUCT_NAME = "$(TARGET_NAME)";
				SWIFT_VERSION = 5.0;
				TEST_TARGET_NAME = iosApp;
				TARGETED_DEVICE_FAMILY = "1,2";
			};
			name = Debug;
		};
		8F8E3A9C2F1A4A9A00A1B041 /* Release */ = {
			isa = XCBuildConfiguration;
			buildSettings = {
				ALWAYS_EMBED_SWIFT_STANDARD_LIBRARIES = YES;
				CODE_SIGN_STYLE = Automatic;
				GENERATE_INFOPLIST_FILE = YES;
				INFOPLIST_KEY_CFBundleDevelopmentRegion = en;
				INFOPLIST_KEY_CFBundleExecutable = "$(EXECUTABLE_NAME)";
				INFOPLIST_KEY_CFBundleIdentifier = "$(PRODUCT_BUNDLE_IDENTIFIER)";
				INFOPLIST_KEY_CFBundleInfoDictionaryVersion = "6.0";
				INFOPLIST_KEY_CFBundleName = "$(PRODUCT_NAME)";
				INFOPLIST_KEY_CFBundlePackageType = BNDL;
				INFOPLIST_KEY_CFBundleShortVersionString = "$(MARKETING_VERSION)";
				INFOPLIST_KEY_CFBundleVersion = "$(CURRENT_PROJECT_VERSION)";
				IPHONEOS_DEPLOYMENT_TARGET = 18.2;
				LD_RUNPATH_SEARCH_PATHS = (
					"$(inherited)",
					"@executable_path/Frameworks",
					"@loader_path/Frameworks",
				);
				PRODUCT_BUNDLE_IDENTIFIER = "org.example.project.TestKmp.iosAppUITests";
				PRODUCT_NAME = "$(TARGET_NAME)";
				SWIFT_VERSION = 5.0;
				TEST_TARGET_NAME = iosApp;
				TARGETED_DEVICE_FAMILY = "1,2";
			};
			name = Release;
		};
/* End XCBuildConfiguration section */

/* Begin XCConfigurationList section */
		BB6CE01AB8CC2F6F33D8A23F /* Build configuration list for PBXNativeTarget "iosApp" */ = {
			isa = XCConfigurationList;
			buildConfigurations = (
				D0998C2FD1E1855A20FD385E /* Debug */,
				69ADE450E41BC8A8FB96ED66 /* Release */,
			);
			defaultConfigurationIsVisible = 0;
			defaultConfigurationName = Release;
		};
		FF7E0F4F7525C9FDD0E16E5B /* Build configuration list for PBXProject "iosApp" */ = {
			isa = XCConfigurationList;
			buildConfigurations = (
				6603DD2517D924B8F4E06B48 /* Debug */,
				6346366087FA137FC8C04BB5 /* Release */,
			);
			defaultConfigurationIsVisible = 0;
			defaultConfigurationName = Release;
		};
		8F8E3A9C2F1A4A9A00A1B031 /* Build configuration list for PBXNativeTarget "iosAppUITests" */ = {
			isa = XCConfigurationList;
			buildConfigurations = (
				8F8E3A9C2F1A4A9A00A1B040 /* Debug */,
				8F8E3A9C2F1A4A9A00A1B041 /* Release */,
			);
			defaultConfigurationIsVisible = 0;
			defaultConfigurationName = Release;
		};
/* End XCConfigurationList section */
	};
	rootObject = 0BD591823FE841A477ACF898 /* Project object */;
}
